{
  "version": 4,
  "terraform_version": "1.12.1",
  "serial": 8,
  "lineage": "5bb86ca5-caaa-3c71-3a1b-9a49380f6d5b",
  "outputs": {},
  "resources": [
    {
      "mode": "data",
      "type": "google_client_config",
      "name": "default",
      "provider": "provider[\"registry.terraform.io/hashicorp/google\"]",
      "instances": [
        {
          "schema_version": 0,
          "attributes": {
            "access_token": "ya29.c.c0ASRK0GaJEJu7k46R2vbHGRTXypkGUyqFJpnyirzbYcIkVvEQnoHcp2L2dhfWvag6VUmkSQWioVm2yZtS60xfdCpDjuX2v_mzpRga0I7QSpD0OjKp-imEmPqaHfSYjvzxF31oljH0R8IrQvl6ZqutagFe7T2xsNJP1tgy66Oop5qfVNeXZ-akzUlGXo0j9SDeKeBf8NNM3gY8TBx-CrKk1pK50tPTgncwW2Z8aLrUu8g5Xlsbg5ufEkrSgJHEhzq37P29wpJefVK4IT_ZBLjFbTi0H-XHZXfG7oogPgCQ7EAF0LiXclwnskBcLEqD0MNYKeU38Vmi4cJvsAlMrCFqs5O03wA2SjNSeiwZ5wk-ABY4D9WKoZ5wCqzWG385ArJ_2lfn40ew3229or-4Rthg84RtBr2MYh6xWkZlyd38qbgch29bF3Oei_QFF20ZWW4-ySdoVxSSR78o1eVS5JWrfenk5nOsnVzUBJ4j8JBiSqbVV8ooXypz5I4mSS1vfIjuckX-kt1zv2QQWjZdYMUQlkZgQaxF8QZ3u9ZS0dvM2uvYgF79VM-xMstakx5S1prmfpYambtmzyy6wqrjhz1SOOkuV64oa2J-k9Xe6IY9Oop8Sl-J0wl6qnMblIk4k0ihoehspO8hyQy7VO47iIhVRmh6esd6g9ei01i8s__vUQjavnRb4i0xFIuw6tqskud-x0hmSF1yO08hpz-OtkozOafItoZ8zqyBVMXw_Fbtthy2OFnRzvwUf_Fo0II77_3ScvuBoFJ7bc2itSqkiehrJIhjJ6n_I0lmO0jqvhIsmq7d2FUBj03baWObyq6eSb4Uue-BRlc5ZuioJXI7I1tdcrQ05ByB4IYuOgO4Byj_16o0w2lj9ItRc6Vp_-YZmV-cdJ7Iy3vFjalmyp97uxFpmB62af_kw7eqyujc9JxeJsvc-qbfYeJ0ixlxMf07zc1n52BtBw2j2cr07vgtujpkklzpj2mxsuUJ4tqZq3zaq5uag-k74aaM6Zf",
            "default_labels": {},
            "id": "projects/clever-spirit-417020/regions/europe-west1-d/zones/",
            "project": "clever-spirit-417020",
            "region": "europe-west1-d",
            "zone": ""
          },
          "sensitive_attributes": [
            [
              {
                "type": "get_attr",
                "value": "access_token"
              }
            ]
          ],
          "identity_schema_version": 0
        }
      ]
    },
    {
      "mode": "data",
      "type": "google_container_cluster",
      "name": "gke",
      "provider": "provider[\"registry.terraform.io/hashicorp/google\"]",
      "instances": [
        {
          "schema_version": 0,
          "attributes": {
            "addons_config": [
              {
                "cloudrun_config": [],
                "config_connector_config": [],
                "dns_cache_config": [],
                "gce_persistent_disk_csi_driver_config": [
                  {
                    "enabled": true
                  }
                ],
                "gcp_filestore_csi_driver_config": [],
                "gcs_fuse_csi_driver_config": [],
                "gke_backup_agent_config": [],
                "horizontal_pod_autoscaling": [],
                "http_load_balancing": [],
                "network_policy_config": [
                  {
                    "disabled": true
                  }
                ],
                "parallelstore_csi_driver_config": [],
                "ray_operator_config": [],
                "stateful_ha_config": []
              }
            ],
            "allow_net_admin": null,
            "authenticator_groups_config": [],
            "binary_authorization": [],
            "cluster_autoscaling": [
              {
                "auto_provisioning_defaults": [],
                "auto_provisioning_locations": [],
                "autoscaling_profile": "BALANCED",
                "enabled": false,
                "resource_limits": []
              }
            ],
            "cluster_ipv4_cidr": "10.88.0.0/14",
            "confidential_nodes": [],
            "control_plane_endpoints_config": [
              {
                "dns_endpoint_config": [
                  {
                    "allow_external_traffic": false,
                    "endpoint": "gke-c84bcd39a0ae428c83205baa75a2982d9ea0-314408522871.europe-west1-d.gke.goog"
                  }
                ],
                "ip_endpoints_config": [
                  {
                    "enabled": true
                  }
                ]
              }
            ],
            "cost_management_config": [],
            "database_encryption": [
              {
                "key_name": "",
                "state": "DECRYPTED"
              }
            ],
            "datapath_provider": "",
            "default_max_pods_per_node": 110,
            "default_snat_status": [],
            "deletion_protection": null,
            "description": "",
            "disable_l4_lb_firewall_reconciliation": false,
            "dns_config": [],
            "effective_labels": {},
            "enable_autopilot": false,
            "enable_cilium_clusterwide_network_policy": false,
            "enable_fqdn_network_policy": false,
            "enable_intranode_visibility": false,
            "enable_k8s_beta_apis": [],
            "enable_kubernetes_alpha": false,
            "enable_l4_ilb_subsetting": false,
            "enable_legacy_abac": false,
            "enable_multi_networking": false,
            "enable_shielded_nodes": true,
            "enable_tpu": false,
            "endpoint": "34.78.111.104",
            "enterprise_config": [
              {
                "cluster_tier": "STANDARD",
                "desired_tier": ""
              }
            ],
            "fleet": [],
            "gateway_api_config": [],
            "id": "projects/clever-spirit-417020/locations/europe-west1-d/clusters/microservices-cluster",
            "identity_service_config": [],
            "in_transit_encryption_config": "",
            "initial_node_count": 0,
            "ip_allocation_policy": [
              {
                "additional_pod_ranges_config": [],
                "cluster_ipv4_cidr_block": "10.88.0.0/14",
                "cluster_secondary_range_name": "gke-microservices-cluster-pods-c84bcd39",
                "pod_cidr_overprovision_config": [
                  {
                    "disabled": false
                  }
                ],
                "services_ipv4_cidr_block": "34.118.224.0/20",
                "services_secondary_range_name": "",
                "stack_type": "IPV4"
              }
            ],
            "label_fingerprint": "a9dc16a7",
            "location": "europe-west1-d",
            "logging_config": [
              {
                "enable_components": [
                  "SYSTEM_COMPONENTS",
                  "WORKLOADS"
                ]
              }
            ],
            "logging_service": "logging.googleapis.com/kubernetes",
            "maintenance_policy": [],
            "master_auth": [
              {
                "client_certificate": "",
                "client_certificate_config": [
                  {
                    "issue_client_certificate": false
                  }
                ],
                "client_key": "",
                "cluster_ca_certificate": "LS0tLS1CRUdJTiBDRVJUSUZJQ0FURS0tLS0tCk1JSUVMRENDQXBTZ0F3SUJBZ0lRVzkxS2xlSUYwOGNZRWNjb21zZkJZREFOQmdrcWhraUc5dzBCQVFzRkFEQXYKTVMwd0t3WURWUVFERXlSbVlXSXpORFUyWlMxbVpERXdMVFEwWkRndFlXRmxaUzAyWTJWaU1qZzFORGcxWmpjdwpJQmNOTWpReE1ESTFNVFV3TmpFeFdoZ1BNakExTkRFd01UZ3hOakEyTVRGYU1DOHhMVEFyQmdOVkJBTVRKR1poCllqTTBOVFpsTFdaa01UQXRORFJrT0MxaFlXVmxMVFpqWldJeU9EVTBPRFZtTnpDQ0FhSXdEUVlKS29aSWh2Y04KQVFFQkJRQURnZ0dQQURDQ0FZb0NnZ0dCQUk3cUVDcHdLeFJuT2RsWFBsNmpidWF1dWNidi9HYk15RWgzSEVpYQppQkxwelFETFppNnRLRk9nQ1liWEtnbFVGSmVqT0Z5eG5MRzlzSGlQNlR6MDcyOGxoYXpZR0FvblVMcnE5NklmCmkvSVB6Mkkyc1hpSkc1alY0aFl5QW1wQjdZdkNoYkx2SVJmeGp0eU14ZCtLM0pZOFpPQktid2xUSFIrNnIxNDAKRTN3WExmcHdFL2hQdHRRVlkxVWE3bmpuNm1iUk5nOTh6eUZ2VUdxQmM3VXRJRXczaFN3dWNncG04ZHVlMTI1RgpQT3dEcDkwNzZlaGxUQkZEMVdLRXhZMG9qM0lNdEl2WjF1OWkxc0NvNCtZSHcvcnQxZ2JwUW1tejZoRDMrS0lrCmNBTFN5V3lTSG5zK0NvSkNDQmVWdzBscGhCSnFBeWdJcVFCdUJYMU05Rlg5Q1o5aHJYRzliay96R3JLeUNJREoKa3BOMDgwOXl3NWlnc2U5NHNBNUFkWm1pbEZ3QTRkN28wbXM3dERacnMyV1kwWjIvMmZIcC93bUdMellSQzhNdApxRzZXYllVM0V6bkJNUUIxdWg1N2NtQWdrODZFeFdyWStQcHdFeTZmaGJGUFlsb1JiRXM4Mi9lUjQ1UTdLNnZ2CmtVZ0ZEd29IZllVbU01OWh4UFQ0Qk85cHhRSURBUUFCbzBJd1FEQU9CZ05WSFE4QkFmOEVCQU1DQWdRd0R3WUQKVlIwVEFRSC9CQVV3QXdFQi96QWRCZ05WSFE0RUZnUVVFdEV2eXVHV0tQcmViVnNxTkkyZjAzUGR3bDR3RFFZSgpLb1pJaHZjTkFRRUxCUUFEZ2dHQkFJRndJK1dPNkFHVW1FNUk0cEd1THBJSkdDM3RiRzhFZTYxUXoxako2dVFoClNaS0d5T1d1UjN3WWVzL0habVFrR2xkUjI0VE0xV1BWR2FST0FtN0tsdVFjZE5NbmQyS0I1d0ladWdqaFNZNngKUmpKaEN1VE1RSkpuQ09nMm8xSjgzVmt1aVVHV1ZWYUdxbUg1L3hsSURWc0ZSWUdnbkhkTDh3U2lnRllKNkxMVApzb1pnbHBqeTJwNmxFVExMV3hEQUhoemptMG5zdUdCY1NUYmtXYjRSYVlXaEEwS2hxQzFmaWdsbzBqWHFUSElDCkVKVnVmZ1hiMGk5TGdwSk1aQ1l2aVpqNVdCblZFWmZrTThhb2hOWXFkK2xaVHdxSW1ydUpaZnR5TDRXNURKU24KdmtZWFloNE4yQ3NLRVRJclB5dmlhalhDOVdTa3ZrSStFZW1kcUlBRSs3eEVJVyt3TFgvWStiS0E4dE5WYWNyQgpsSGFQbDlwUEphZmE5RmRMVkpOQkFoSmVza0ZqNkZWVXhQRktPbGhPbXMwV0V0bkYvMXRTYmZOaFVjU3lrK0xUCjBwR1NyYzBrTWFJMjRmUU9GYWhVOC9QUU9YZ1hiNE1RUlJZN1dFOEpkMTZSSDNjcEcyVWNHbjdCNEtsU0ZEVGUKU1ptZUNtZkFVYkc1WmgwWXpzRWR6dz09Ci0tLS0tRU5EIENFUlRJRklDQVRFLS0tLS0K"
              }
            ],
            "master_authorized_networks_config": [],
            "master_version": "1.32.4-gke.1236007",
            "mesh_certificates": [],
            "min_master_version": null,
            "monitoring_config": [
              {
                "advanced_datapath_observability_config": [
                  {
                    "enable_metrics": false,
                    "enable_relay": false
                  }
                ],
                "enable_components": [
                  "SYSTEM_COMPONENTS",
                  "STORAGE",
                  "HPA",
                  "POD",
                  "DAEMONSET",
                  "DEPLOYMENT",
                  "STATEFULSET",
                  "CADVISOR",
                  "KUBELET"
                ],
                "managed_prometheus": [
                  {
                    "auto_monitoring_config": [],
                    "enabled": true
                  }
                ]
              }
            ],
            "monitoring_service": "monitoring.googleapis.com/kubernetes",
            "name": "microservices-cluster",
            "network": "projects/clever-spirit-417020/global/networks/default",
            "network_policy": [
              {
                "enabled": false,
                "provider": "PROVIDER_UNSPECIFIED"
              }
            ],
            "networking_mode": "VPC_NATIVE",
            "node_config": [
              {
                "advanced_machine_features": [],
                "boot_disk_kms_key": "",
                "confidential_nodes": [],
                "containerd_config": [],
                "disk_size_gb": 100,
                "disk_type": "pd-balanced",
                "effective_taints": [],
                "enable_confidential_storage": false,
                "ephemeral_storage_local_ssd_config": [],
                "fast_socket": [],
                "gcfs_config": [],
                "guest_accelerator": [],
                "gvnic": [],
                "host_maintenance_policy": [],
                "image_type": "COS_CONTAINERD",
                "kubelet_config": [],
                "labels": {},
                "linux_node_config": [],
                "local_nvme_ssd_block_config": [],
                "local_ssd_count": 0,
                "local_ssd_encryption_mode": "",
                "logging_variant": "DEFAULT",
                "machine_type": "e2-medium",
                "max_run_duration": "",
                "metadata": {
                  "disable-legacy-endpoints": "true"
                },
                "min_cpu_platform": "",
                "node_group": "",
                "oauth_scopes": [
                  "https://www.googleapis.com/auth/devstorage.read_only",
                  "https://www.googleapis.com/auth/logging.write",
                  "https://www.googleapis.com/auth/monitoring",
                  "https://www.googleapis.com/auth/service.management.readonly",
                  "https://www.googleapis.com/auth/servicecontrol",
                  "https://www.googleapis.com/auth/trace.append"
                ],
                "preemptible": false,
                "reservation_affinity": [],
                "resource_labels": {},
                "resource_manager_tags": {},
                "secondary_boot_disks": [],
                "service_account": "default",
                "shielded_instance_config": [
                  {
                    "enable_integrity_monitoring": true,
                    "enable_secure_boot": false
                  }
                ],
                "sole_tenant_config": [],
                "spot": false,
                "storage_pools": [],
                "tags": [],
                "taint": [],
                "windows_node_config": [
                  {
                    "osversion": ""
                  }
                ],
                "workload_metadata_config": []
              }
            ],
            "node_locations": [],
            "node_pool": [
              {
                "autoscaling": [],
                "initial_node_count": 3,
                "instance_group_urls": [
                  "https://www.googleapis.com/compute/v1/projects/clever-spirit-417020/zones/europe-west1-d/instanceGroupManagers/gke-microservices-cluste-default-pool-4fbdb940-grp"
                ],
                "managed_instance_group_urls": [
                  "https://www.googleapis.com/compute/v1/projects/clever-spirit-417020/zones/europe-west1-d/instanceGroups/gke-microservices-cluste-default-pool-4fbdb940-grp"
                ],
                "management": [
                  {
                    "auto_repair": true,
                    "auto_upgrade": true
                  }
                ],
                "max_pods_per_node": 110,
                "name": "default-pool",
                "name_prefix": "",
                "network_config": [
                  {
                    "additional_node_network_configs": [],
                    "additional_pod_network_configs": [],
                    "create_pod_range": false,
                    "enable_private_nodes": false,
                    "network_performance_config": [],
                    "pod_cidr_overprovision_config": [],
                    "pod_ipv4_cidr_block": "10.88.0.0/14",
                    "pod_range": "gke-microservices-cluster-pods-c84bcd39"
                  }
                ],
                "node_config": [
                  {
                    "advanced_machine_features": [],
                    "boot_disk_kms_key": "",
                    "confidential_nodes": [],
                    "containerd_config": [],
                    "disk_size_gb": 100,
                    "disk_type": "pd-balanced",
                    "effective_taints": [],
                    "enable_confidential_storage": false,
                    "ephemeral_storage_local_ssd_config": [],
                    "fast_socket": [],
                    "gcfs_config": [],
                    "guest_accelerator": [],
                    "gvnic": [],
                    "host_maintenance_policy": [],
                    "image_type": "COS_CONTAINERD",
                    "kubelet_config": [],
                    "labels": {},
                    "linux_node_config": [],
                    "local_nvme_ssd_block_config": [],
                    "local_ssd_count": 0,
                    "local_ssd_encryption_mode": "",
                    "logging_variant": "DEFAULT",
                    "machine_type": "e2-medium",
                    "max_run_duration": "",
                    "metadata": {
                      "disable-legacy-endpoints": "true"
                    },
                    "min_cpu_platform": "",
                    "node_group": "",
                    "oauth_scopes": [
                      "https://www.googleapis.com/auth/devstorage.read_only",
                      "https://www.googleapis.com/auth/logging.write",
                      "https://www.googleapis.com/auth/monitoring",
                      "https://www.googleapis.com/auth/service.management.readonly",
                      "https://www.googleapis.com/auth/servicecontrol",
                      "https://www.googleapis.com/auth/trace.append"
                    ],
                    "preemptible": false,
                    "reservation_affinity": [],
                    "resource_labels": {},
                    "resource_manager_tags": {},
                    "secondary_boot_disks": [],
                    "service_account": "default",
                    "shielded_instance_config": [
                      {
                        "enable_integrity_monitoring": true,
                        "enable_secure_boot": false
                      }
                    ],
                    "sole_tenant_config": [],
                    "spot": false,
                    "storage_pools": [],
                    "tags": [],
                    "taint": [],
                    "windows_node_config": [
                      {
                        "osversion": ""
                      }
                    ],
                    "workload_metadata_config": []
                  }
                ],
                "node_count": 3,
                "node_locations": [
                  "europe-west1-d"
                ],
                "placement_policy": [],
                "queued_provisioning": [],
                "upgrade_settings": [
                  {
                    "blue_green_settings": [],
                    "max_surge": 1,
                    "max_unavailable": 0,
                    "strategy": "SURGE"
                  }
                ],
                "version": "1.32.4-gke.1236007"
              }
            ],
            "node_pool_auto_config": [],
            "node_pool_defaults": [
              {
                "node_config_defaults": [
                  {
                    "containerd_config": [],
                    "gcfs_config": [],
                    "insecure_kubelet_readonly_port_enabled": "TRUE",
                    "logging_variant": "DEFAULT"
                  }
                ]
              }
            ],
            "node_version": "1.32.4-gke.1236007",
            "notification_config": [
              {
                "pubsub": [
                  {
                    "enabled": false,
                    "filter": [],
                    "topic": ""
                  }
                ]
              }
            ],
            "operation": null,
            "pod_autoscaling": [
              {
                "hpa_profile": "HPA_PROFILE_UNSPECIFIED"
              }
            ],
            "private_cluster_config": [
              {
                "enable_private_endpoint": false,
                "enable_private_nodes": false,
                "master_global_access_config": [
                  {
                    "enabled": false
                  }
                ],
                "master_ipv4_cidr_block": "",
                "peering_name": "",
                "private_endpoint": "10.132.0.3",
                "private_endpoint_subnetwork": "",
                "public_endpoint": "34.78.111.104"
              }
            ],
            "private_ipv6_google_access": "",
            "project": "clever-spirit-417020",
            "release_channel": [
              {
                "channel": "REGULAR"
              }
            ],
            "remove_default_node_pool": null,
            "resource_labels": {},
            "resource_usage_export_config": [],
            "secret_manager_config": [
              {
                "enabled": false
              }
            ],
            "security_posture_config": [
              {
                "mode": "BASIC",
                "vulnerability_mode": "VULNERABILITY_MODE_UNSPECIFIED"
              }
            ],
            "self_link": "https://container.googleapis.com/v1/projects/clever-spirit-417020/zones/europe-west1-d/clusters/microservices-cluster",
            "service_external_ips_config": [
              {
                "enabled": false
              }
            ],
            "services_ipv4_cidr": "34.118.224.0/20",
            "subnetwork": "projects/clever-spirit-417020/regions/europe-west1/subnetworks/default",
            "terraform_labels": {},
            "tpu_ipv4_cidr_block": "",
            "user_managed_keys_config": [],
            "vertical_pod_autoscaling": [],
            "workload_identity_config": []
          },
          "sensitive_attributes": [],
          "identity_schema_version": 0
        }
      ]
    },
    {
      "mode": "managed",
      "type": "helm_release",
      "name": "helm-dir",
      "provider": "provider[\"registry.terraform.io/hashicorp/helm\"]",
      "instances": [
        {
          "schema_version": 1,
          "attributes": {
            "atomic": false,
            "chart": "../helm-dir",
            "cleanup_on_fail": false,
            "create_namespace": false,
            "dependency_update": false,
            "description": null,
            "devel": null,
            "disable_crd_hooks": false,
            "disable_openapi_validation": false,
            "disable_webhooks": false,
            "force_update": false,
            "id": "helm-dir",
            "keyring": null,
            "lint": false,
            "manifest": null,
            "max_history": 0,
            "metadata": [
              {
                "app_version": "1.16.0",
                "chart": "service1",
                "first_deployed": 1749501323,
                "last_deployed": 1749501994,
                "name": "helm-dir",
                "namespace": "default",
                "notes": "1. Get the application URL by running these commands:\n     NOTE: It may take a few minutes for the LoadBalancer IP to be available.\n           You can watch its status by running 'kubectl get --namespace default svc -w helm-dir-service1'\n  export SERVICE_IP=$(kubectl get svc --namespace default helm-dir-service1 --template \"{{ range (index .status.loadBalancer.ingress 0) }}{{.}}{{ end }}\")\n  echo http://$SERVICE_IP:80\n",
                "revision": 3,
                "values": "{\"affinity\":{},\"autoscaling\":{\"enabled\":false,\"maxReplicas\":2,\"minReplicas\":1,\"targetCPUUtilizationPercentage\":80},\"fullnameOverride\":\"\",\"image\":{\"pullPolicy\":\"IfNotPresent\",\"repository\":\"nginx\",\"tag\":\"\"},\"imagePullSecrets\":[],\"ingress\":{\"annotations\":{},\"className\":\"\",\"enabled\":false,\"hosts\":[{\"host\":\"chart-example.local\",\"paths\":[{\"path\":\"/\",\"pathType\":\"ImplementationSpecific\"}]}],\"tls\":[]},\"livenessProbe\":{\"httpGet\":{\"path\":\"/\",\"port\":\"http\"}},\"nameOverride\":\"\",\"nodeSelector\":{},\"podAnnotations\":{},\"podLabels\":{},\"podSecurityContext\":{},\"readinessProbe\":{\"httpGet\":{\"path\":\"/\",\"port\":\"http\"}},\"replicaCount\":1,\"resources\":{},\"securityContext\":{},\"service\":{\"loadBalancerIP\":\"34.111.15.209\",\"port\":80,\"type\":\"LoadBalancer\"},\"serviceAccount\":{\"annotations\":{},\"automount\":true,\"create\":true,\"name\":\"\"},\"tolerations\":[],\"volumeMounts\":[],\"volumes\":[]}",
                "version": "0.1.0"
              }
            ],
            "name": "helm-dir",
            "namespace": "default",
            "pass_credentials": false,
            "postrender": [],
            "recreate_pods": false,
            "render_subchart_notes": true,
            "replace": false,
            "repository": null,
            "repository_ca_file": null,
            "repository_cert_file": null,
            "repository_key_file": null,
            "repository_password": null,
            "repository_username": null,
            "reset_values": false,
            "reuse_values": false,
            "set": [],
            "set_list": [],
            "set_sensitive": [],
            "skip_crds": false,
            "status": "deployed",
            "timeout": 300,
            "upgrade_install": null,
            "values": [
              "# Default values for helm-dir.\n# This is a YAML-formatted file.\n# Declare variables to be passed into your templates.\n\n# This will set the replicaset count more information can be found here: https://kubernetes.io/docs/concepts/workloads/controllers/replicaset/\nreplicaCount: 1\n\n# This sets the container image more information can be found here: https://kubernetes.io/docs/concepts/containers/images/\nimage:\n  repository: nginx\n  # This sets the pull policy for images.\n  pullPolicy: IfNotPresent\n  # Overrides the image tag whose default is the chart appVersion.\n  tag: \"\"\n\n# This is for the secretes for pulling an image from a private repository more information can be found here: https://kubernetes.io/docs/tasks/configure-pod-container/pull-image-private-registry/\nimagePullSecrets: []\n# This is to override the chart name.\nnameOverride: \"\"\nfullnameOverride: \"\"\n\n#This section builds out the service account more information can be found here: https://kubernetes.io/docs/concepts/security/service-accounts/\nserviceAccount:\n  # Specifies whether a service account should be created\n  create: true\n  # Automatically mount a ServiceAccount's API credentials?\n  automount: true\n  # Annotations to add to the service account\n  annotations: {}\n  # The name of the service account to use.\n  # If not set and create is true, a name is generated using the fullname template\n  name: \"\"\n\n# This is for setting Kubernetes Annotations to a Pod.\n# For more information checkout: https://kubernetes.io/docs/concepts/overview/working-with-objects/annotations/ \npodAnnotations: {}\n# This is for setting Kubernetes Labels to a Pod.\n# For more information checkout: https://kubernetes.io/docs/concepts/overview/working-with-objects/labels/\npodLabels: {}\n\npodSecurityContext: {}\n  # fsGroup: 2000\n\nsecurityContext: {}\n  # capabilities:\n  #   drop:\n  #   - ALL\n  # readOnlyRootFilesystem: true\n  # runAsNonRoot: true\n  # runAsUser: 1000\n\n# This is for setting up a service more information can be found here: https://kubernetes.io/docs/concepts/services-networking/service/\nservice:\n  # This sets the service type more information can be found here: https://kubernetes.io/docs/concepts/services-networking/service/#publishing-services-service-types\n  type: LoadBalancer\n  # This sets the ports more information can be found here: https://kubernetes.io/docs/concepts/services-networking/service/#field-spec-ports\n  port: 80\n  loadBalancerIP: 34.111.15.209\n\n# This block is for setting up the ingress for more information can be found here: https://kubernetes.io/docs/concepts/services-networking/ingress/\ningress:\n  enabled: false\n  className: \"\"\n  annotations: {}\n    # kubernetes.io/ingress.class: nginx\n    # kubernetes.io/tls-acme: \"true\"\n  hosts:\n    - host: chart-example.local\n      paths:\n        - path: /\n          pathType: ImplementationSpecific\n  tls: []\n  #  - secretName: chart-example-tls\n  #    hosts:\n  #      - chart-example.local\n\nresources: {}\n  # We usually recommend not to specify default resources and to leave this as a conscious\n  # choice for the user. This also increases chances charts run on environments with little\n  # resources, such as Minikube. If you do want to specify resources, uncomment the following\n  # lines, adjust them as necessary, and remove the curly braces after 'resources:'.\n  # limits:\n  #   cpu: 100m\n  #   memory: 128Mi\n  # requests:\n  #   cpu: 100m\n  #   memory: 128Mi\n\n# This is to setup the liveness and readiness probes more information can be found here: https://kubernetes.io/docs/tasks/configure-pod-container/configure-liveness-readiness-startup-probes/\nlivenessProbe:\n  httpGet:\n    path: /\n    port: http\nreadinessProbe:\n  httpGet:\n    path: /\n    port: http\n\n#This section is for setting up autoscaling more information can be found here: https://kubernetes.io/docs/concepts/workloads/autoscaling/\nautoscaling:\n  enabled: false\n  minReplicas: 1\n  maxReplicas: 2\n  targetCPUUtilizationPercentage: 80\n  # targetMemoryUtilizationPercentage: 80\n\n# Additional volumes on the output Deployment definition.\nvolumes: []\n# - name: foo\n#   secret:\n#     secretName: mysecret\n#     optional: false\n\n# Additional volumeMounts on the output Deployment definition.\nvolumeMounts: []\n# - name: foo\n#   mountPath: \"/etc/foo\"\n#   readOnly: true\n\nnodeSelector: {}\n\ntolerations: []\n\naffinity: {}\n"
            ],
            "verify": false,
            "version": "0.1.0",
            "wait": true,
            "wait_for_jobs": false
          },
          "sensitive_attributes": [
            [
              {
                "type": "get_attr",
                "value": "repository_password"
              }
            ]
          ],
          "identity_schema_version": 0,
          "private": "eyJzY2hlbWFfdmVyc2lvbiI6IjEifQ==",
          "dependencies": [
            "data.google_client_config.default",
            "data.google_container_cluster.gke"
          ]
        }
      ]
    }
  ],
  "check_results": null
}
